
Microsoft Visual Studio Solution File, Format Version 12.00
# Visual Studio 15
VisualStudioVersion = 15.0.28307.779
MinimumVisualStudioVersion = 10.0.40219.1
Project("{FAE04EC0-301F-11D3-BF4B-00C04F79EFBC}") = "Shop", "Shop\Shop.csproj", "{F9F007D1-7AD7-4E93-A613-D5E3C7988FCA}"
EndProject
Global
	GlobalSection(SolutionConfigurationPlatforms) = preSolution
		Debug|Any CPU = Debug|Any CPU
		Release|Any CPU = Release|Any CPU
	EndGlobalSection
	GlobalSection(ProjectConfigurationPlatforms) = postSolution
		{F9F007D1-7AD7-4E93-A613-D5E3C7988FCA}.Debug|Any CPU.ActiveCfg = Debug|Any CPU
		{F9F007D1-7AD7-4E93-A613-D5E3C7988FCA}.Debug|Any CPU.Build.0 = Debug|Any CPU
		{F9F007D1-7AD7-4E93-A613-D5E3C7988FCA}.Release|Any CPU.ActiveCfg = Release|Any CPU
		{F9F007D1-7AD7-4E93-A613-D5E3C7988FCA}.Release|Any CPU.Build.0 = Release|Any CPU
	EndGlobalSection
	GlobalSection(SolutionProperties) = preSolution
		HideSolutionNode = FALSE
	EndGlobalSection
	GlobalSection(ExtensibilityGlobals) = postSolution
		SolutionGuid = {68F9C4B0-2F00-4653-80C6-E473E38D1C5C}
	EndGlobalSection
EndGlobal
